// !$*UTF8*$!
{
	archiveVersion = 1;
	classes = {
	};
	objectVersion = 56;
	objects = {

/* Begin PBXBuildFile section */
		10180DED2C6397870042C005 /* AppDelegate.swift in Sources */ = {isa = PBXBuildFile; fileRef = 10180DEC2C6397870042C005 /* AppDelegate.swift */; };
		10180DEF2C6397870042C005 /* SceneDelegate.swift in Sources */ = {isa = PBXBuildFile; fileRef = 10180DEE2C6397870042C005 /* SceneDelegate.swift */; };
		10180DF12C6397870042C005 /* ViewController.swift in Sources */ = {isa = PBXBuildFile; fileRef = 10180DF02C6397870042C005 /* ViewController.swift */; };
		10180DF42C6397870042C005 /* Main.storyboard in Resources */ = {isa = PBXBuildFile; fileRef = 10180DF22C6397870042C005 /* Main.storyboard */; };
		10180DF62C6397880042C005 /* Assets.xcassets in Resources */ = {isa = PBXBuildFile; fileRef = 10180DF52C6397880042C005 /* Assets.xcassets */; };
		10180DF92C6397880042C005 /* LaunchScreen.storyboard in Resources */ = {isa = PBXBuildFile; fileRef = 10180DF72C6397880042C005 /* LaunchScreen.storyboard */; };
		10180E042C6397880042C005 /* SwiftGenTutorialTests.swift in Sources */ = {isa = PBXBuildFile; fileRef = 10180E032C6397880042C005 /* SwiftGenTutorialTests.swift */; };
		10180E0E2C6397880042C005 /* SwiftGenTutorialUITests.swift in Sources */ = {isa = PBXBuildFile; fileRef = 10180E0D2C6397880042C005 /* SwiftGenTutorialUITests.swift */; };
		10180E102C6397880042C005 /* SwiftGenTutorialUITestsLaunchTests.swift in Sources */ = {isa = PBXBuildFile; fileRef = 10180E0F2C6397880042C005 /* SwiftGenTutorialUITestsLaunchTests.swift */; };
		10180E1D2C6397DE0042C005 /* Colors.xcassets in Resources */ = {isa = PBXBuildFile; fileRef = 10180E1C2C6397DE0042C005 /* Colors.xcassets */; };
		10180E202C6398250042C005 /* swiftgen.config.yml in Resources */ = {isa = PBXBuildFile; fileRef = 10180E1F2C6398250042C005 /* swiftgen.config.yml */; };
		10180E222C6398570042C005 /* template.stencil in Sources */ = {isa = PBXBuildFile; fileRef = 10180E212C6398570042C005 /* template.stencil */; };
		10180E242C63988C0042C005 /* Assets.generated.swift in Sources */ = {isa = PBXBuildFile; fileRef = 10180E232C63988C0042C005 /* Assets.generated.swift */; };
		10EDE95D2C64BAA1004F6751 /* Strings.swift in Sources */ = {isa = PBXBuildFile; fileRef = 10EDE95C2C64BAA1004F6751 /* Strings.swift */; };
		10EDE9602C64BC0D004F6751 /* Localizable.strings in Resources */ = {isa = PBXBuildFile; fileRef = 10EDE9622C64BC0D004F6751 /* Localizable.strings */; };
		10EDE96E2C64D2A0004F6751 /* userLogin.storyboard in Resources */ = {isa = PBXBuildFile; fileRef = 10EDE96D2C64D2A0004F6751 /* userLogin.storyboard */; };
		10EDE9722C64D39A004F6751 /* Storyboard Scenes.swift in Sources */ = {isa = PBXBuildFile; fileRef = 10EDE9702C64D39A004F6751 /* Storyboard Scenes.swift */; };
		10EDE9752C64D3F3004F6751 /* UserCamand.storyboard in Resources */ = {isa = PBXBuildFile; fileRef = 10EDE9742C64D3F3004F6751 /* UserCamand.storyboard */; };
/* End PBXBuildFile section */

/* Begin PBXContainerItemProxy section */
		10180E002C6397880042C005 /* PBXContainerItemProxy */ = {
			isa = PBXContainerItemProxy;
			containerPortal = 10180DE12C6397870042C005 /* Project object */;
			proxyType = 1;
			remoteGlobalIDString = 10180DE82C6397870042C005;
			remoteInfo = SwiftGenTutorial;
		};
		10180E0A2C6397880042C005 /* PBXContainerItemProxy */ = {
			isa = PBXContainerItemProxy;
			containerPortal = 10180DE12C6397870042C005 /* Project object */;
			proxyType = 1;
			remoteGlobalIDString = 10180DE82C6397870042C005;
			remoteInfo = SwiftGenTutorial;
		};
/* End PBXContainerItemProxy section */

/* Begin PBXFileReference section */
		10180DE92C6397870042C005 /* SwiftGenTutorial.app */ = {isa = PBXFileReference; explicitFileType = wrapper.application; includeInIndex = 0; path = SwiftGenTutorial.app; sourceTree = BUILT_PRODUCTS_DIR; };
		10180DEC2C6397870042C005 /* AppDelegate.swift */ = {isa = PBXFileReference; lastKnownFileType = sourcecode.swift; path = AppDelegate.swift; sourceTree = "<group>"; };
		10180DEE2C6397870042C005 /* SceneDelegate.swift */ = {isa = PBXFileReference; lastKnownFileType = sourcecode.swift; path = SceneDelegate.swift; sourceTree = "<group>"; };
		10180DF02C6397870042C005 /* ViewController.swift */ = {isa = PBXFileReference; lastKnownFileType = sourcecode.swift; path = ViewController.swift; sourceTree = "<group>"; };
		10180DF52C6397880042C005 /* Assets.xcassets */ = {isa = PBXFileReference; lastKnownFileType = folder.assetcatalog; path = Assets.xcassets; sourceTree = "<group>"; };
		10180DFA2C6397880042C005 /* Info.plist */ = {isa = PBXFileReference; lastKnownFileType = text.plist.xml; path = Info.plist; sourceTree = "<group>"; };
		10180DFF2C6397880042C005 /* SwiftGenTutorialTests.xctest */ = {isa = PBXFileReference; explicitFileType = wrapper.cfbundle; includeInIndex = 0; path = SwiftGenTutorialTests.xctest; sourceTree = BUILT_PRODUCTS_DIR; };
		10180E032C6397880042C005 /* SwiftGenTutorialTests.swift */ = {isa = PBXFileReference; lastKnownFileType = sourcecode.swift; path = SwiftGenTutorialTests.swift; sourceTree = "<group>"; };
		10180E092C6397880042C005 /* SwiftGenTutorialUITests.xctest */ = {isa = PBXFileReference; explicitFileType = wrapper.cfbundle; includeInIndex = 0; path = SwiftGenTutorialUITests.xctest; sourceTree = BUILT_PRODUCTS_DIR; };
		10180E0D2C6397880042C005 /* SwiftGenTutorialUITests.swift */ = {isa = PBXFileReference; lastKnownFileType = sourcecode.swift; path = SwiftGenTutorialUITests.swift; sourceTree = "<group>"; };
		10180E0F2C6397880042C005 /* SwiftGenTutorialUITestsLaunchTests.swift */ = {isa = PBXFileReference; lastKnownFileType = sourcecode.swift; path = SwiftGenTutorialUITestsLaunchTests.swift; sourceTree = "<group>"; };
		10180E1C2C6397DE0042C005 /* Colors.xcassets */ = {isa = PBXFileReference; lastKnownFileType = folder.assetcatalog; path = Colors.xcassets; sourceTree = "<group>"; };
		10180E1F2C6398250042C005 /* swiftgen.config.yml */ = {isa = PBXFileReference; lastKnownFileType = text.yaml; path = swiftgen.config.yml; sourceTree = "<group>"; };
		10180E212C6398570042C005 /* template.stencil */ = {isa = PBXFileReference; lastKnownFileType = text; path = template.stencil; sourceTree = "<group>"; };
		10180E232C63988C0042C005 /* Assets.generated.swift */ = {isa = PBXFileReference; lastKnownFileType = sourcecode.swift; path = Assets.generated.swift; sourceTree = "<group>"; };
		10EDE95C2C64BAA1004F6751 /* Strings.swift */ = {isa = PBXFileReference; lastKnownFileType = sourcecode.swift; path = Strings.swift; sourceTree = "<group>"; };
		10EDE9612C64BC0D004F6751 /* en */ = {isa = PBXFileReference; lastKnownFileType = text.plist.strings; name = en; path = en.lproj/Localizable.strings; sourceTree = "<group>"; };
		10EDE9632C64BCEE004F6751 /* fr */ = {isa = PBXFileReference; lastKnownFileType = text.plist.strings; name = fr; path = fr.lproj/Main.strings; sourceTree = "<group>"; };
		10EDE9642C64BCEE004F6751 /* fr */ = {isa = PBXFileReference; lastKnownFileType = text.plist.strings; name = fr; path = fr.lproj/LaunchScreen.strings; sourceTree = "<group>"; };
		10EDE9652C64BCEF004F6751 /* fr */ = {isa = PBXFileReference; lastKnownFileType = text.plist.strings; name = fr; path = fr.lproj/Localizable.strings; sourceTree = "<group>"; };
		10EDE9662C64BD50004F6751 /* fr */ = {isa = PBXFileReference; lastKnownFileType = file.storyboard; name = fr; path = fr.lproj/Main.storyboard; sourceTree = "<group>"; };
		10EDE9672C64BD51004F6751 /* fr */ = {isa = PBXFileReference; lastKnownFileType = file.storyboard; name = fr; path = fr.lproj/LaunchScreen.storyboard; sourceTree = "<group>"; };
		10EDE9682C64BFE6004F6751 /* en */ = {isa = PBXFileReference; lastKnownFileType = text.plist.strings; name = en; path = en.lproj/Main.strings; sourceTree = "<group>"; };
		10EDE96D2C64D2A0004F6751 /* userLogin.storyboard */ = {isa = PBXFileReference; lastKnownFileType = file.storyboard; path = userLogin.storyboard; sourceTree = "<group>"; };
		10EDE9702C64D39A004F6751 /* Storyboard Scenes.swift */ = {isa = PBXFileReference; fileEncoding = 4; lastKnownFileType = sourcecode.swift; path = "Storyboard Scenes.swift"; sourceTree = "<group>"; };
		10EDE9742C64D3F3004F6751 /* UserCamand.storyboard */ = {isa = PBXFileReference; lastKnownFileType = file.storyboard; path = UserCamand.storyboard; sourceTree = "<group>"; };
/* End PBXFileReference section */

/* Begin PBXFrameworksBuildPhase section */
		10180DE62C6397870042C005 /* Frameworks */ = {
			isa = PBXFrameworksBuildPhase;
			buildActionMask = 2147483647;
			files = (
			);
			runOnlyForDeploymentPostprocessing = 0;
		};
		10180DFC2C6397880042C005 /* Frameworks */ = {
			isa = PBXFrameworksBuildPhase;
			buildActionMask = 2147483647;
			files = (
			);
			runOnlyForDeploymentPostprocessing = 0;
		};
		10180E062C6397880042C005 /* Frameworks */ = {
			isa = PBXFrameworksBuildPhase;
			buildActionMask = 2147483647;
			files = (
			);
			runOnlyForDeploymentPostprocessing = 0;
		};
/* End PBXFrameworksBuildPhase section */

/* Begin PBXGroup section */
		10180DE02C6397870042C005 = {
			isa = PBXGroup;
			children = (
				10180DEB2C6397870042C005 /* SwiftGenTutorial */,
				10180E022C6397880042C005 /* SwiftGenTutorialTests */,
				10180E0C2C6397880042C005 /* SwiftGenTutorialUITests */,
				10180DEA2C6397870042C005 /* Products */,
			);
			sourceTree = "<group>";
		};
		10180DEA2C6397870042C005 /* Products */ = {
			isa = PBXGroup;
			children = (
				10180DE92C6397870042C005 /* SwiftGenTutorial.app */,
				10180DFF2C6397880042C005 /* SwiftGenTutorialTests.xctest */,
				10180E092C6397880042C005 /* SwiftGenTutorialUITests.xctest */,
			);
			name = Products;
			sourceTree = "<group>";
		};
		10180DEB2C6397870042C005 /* SwiftGenTutorial */ = {
			isa = PBXGroup;
			children = (
				10EDE9692C64CC95004F6751 /* Sources */,
				10180E1E2C63980C0042C005 /* SwiftGen */,
				10180DEC2C6397870042C005 /* AppDelegate.swift */,
				10180DEE2C6397870042C005 /* SceneDelegate.swift */,
				10180DF02C6397870042C005 /* ViewController.swift */,
				10180DF22C6397870042C005 /* Main.storyboard */,
				10180DF52C6397880042C005 /* Assets.xcassets */,
				10180DF72C6397880042C005 /* LaunchScreen.storyboard */,
				10180DFA2C6397880042C005 /* Info.plist */,
				10180E1C2C6397DE0042C005 /* Colors.xcassets */,
			);
			path = SwiftGenTutorial;
			sourceTree = "<group>";
		};
		10180E022C6397880042C005 /* SwiftGenTutorialTests */ = {
			isa = PBXGroup;
			children = (
				10180E032C6397880042C005 /* SwiftGenTutorialTests.swift */,
			);
			path = SwiftGenTutorialTests;
			sourceTree = "<group>";
		};
		10180E0C2C6397880042C005 /* SwiftGenTutorialUITests */ = {
			isa = PBXGroup;
			children = (
				10180E0D2C6397880042C005 /* SwiftGenTutorialUITests.swift */,
				10180E0F2C6397880042C005 /* SwiftGenTutorialUITestsLaunchTests.swift */,
			);
			path = SwiftGenTutorialUITests;
			sourceTree = "<group>";
		};
		10180E1E2C63980C0042C005 /* SwiftGen */ = {
			isa = PBXGroup;
			children = (
				10EDE9702C64D39A004F6751 /* Storyboard Scenes.swift */,
				10180E1F2C6398250042C005 /* swiftgen.config.yml */,
				10180E212C6398570042C005 /* template.stencil */,
				10180E232C63988C0042C005 /* Assets.generated.swift */,
				10EDE95C2C64BAA1004F6751 /* Strings.swift */,
			);
			path = SwiftGen;
			sourceTree = "<group>";
		};
		10EDE9692C64CC95004F6751 /* Sources */ = {
			isa = PBXGroup;
			children = (
				10EDE96F2C64D2E9004F6751 /* storyboards */,
				10EDE9622C64BC0D004F6751 /* Localizable.strings */,
			);
			path = Sources;
			sourceTree = "<group>";
		};
		10EDE96F2C64D2E9004F6751 /* storyboards */ = {
			isa = PBXGroup;
			children = (
				10EDE96D2C64D2A0004F6751 /* userLogin.storyboard */,
				10EDE9742C64D3F3004F6751 /* UserCamand.storyboard */,
			);
			path = storyboards;
			sourceTree = "<group>";
		};
/* End PBXGroup section */

/* Begin PBXNativeTarget section */
		10180DE82C6397870042C005 /* SwiftGenTutorial */ = {
			isa = PBXNativeTarget;
			buildConfigurationList = 10180E132C6397880042C005 /* Build configuration list for PBXNativeTarget "SwiftGenTutorial" */;
			buildPhases = (
				10180E252C6398A40042C005 /* Swift Gen */,
				10180DE52C6397870042C005 /* Sources */,
				10180DE62C6397870042C005 /* Frameworks */,
				10180DE72C6397870042C005 /* Resources */,
			);
			buildRules = (
			);
			dependencies = (
			);
			name = SwiftGenTutorial;
			productName = SwiftGenTutorial;
			productReference = 10180DE92C6397870042C005 /* SwiftGenTutorial.app */;
			productType = "com.apple.product-type.application";
		};
		10180DFE2C6397880042C005 /* SwiftGenTutorialTests */ = {
			isa = PBXNativeTarget;
			buildConfigurationList = 10180E162C6397880042C005 /* Build configuration list for PBXNativeTarget "SwiftGenTutorialTests" */;
			buildPhases = (
				10180DFB2C6397880042C005 /* Sources */,
				10180DFC2C6397880042C005 /* Frameworks */,
				10180DFD2C6397880042C005 /* Resources */,
			);
			buildRules = (
			);
			dependencies = (
				10180E012C6397880042C005 /* PBXTargetDependency */,
			);
			name = SwiftGenTutorialTests;
			productName = SwiftGenTutorialTests;
			productReference = 10180DFF2C6397880042C005 /* SwiftGenTutorialTests.xctest */;
			productType = "com.apple.product-type.bundle.unit-test";
		};
		10180E082C6397880042C005 /* SwiftGenTutorialUITests */ = {
			isa = PBXNativeTarget;
			buildConfigurationList = 10180E192C6397880042C005 /* Build configuration list for PBXNativeTarget "SwiftGenTutorialUITests" */;
			buildPhases = (
				10180E052C6397880042C005 /* Sources */,
				10180E062C6397880042C005 /* Frameworks */,
				10180E072C6397880042C005 /* Resources */,
			);
			buildRules = (
			);
			dependencies = (
				10180E0B2C6397880042C005 /* PBXTargetDependency */,
			);
			name = SwiftGenTutorialUITests;
			productName = SwiftGenTutorialUITests;
			productReference = 10180E092C6397880042C005 /* SwiftGenTutorialUITests.xctest */;
			productType = "com.apple.product-type.bundle.ui-testing";
		};
/* End PBXNativeTarget section */

/* Begin PBXProject section */
		10180DE12C6397870042C005 /* Project object */ = {
			isa = PBXProject;
			attributes = {
				BuildIndependentTargetsInParallel = 1;
				LastSwiftUpdateCheck = 1500;
				LastUpgradeCheck = 1500;
				TargetAttributes = {
					10180DE82C6397870042C005 = {
						CreatedOnToolsVersion = 15.0;
					};
					10180DFE2C6397880042C005 = {
						CreatedOnToolsVersion = 15.0;
						TestTargetID = 10180DE82C6397870042C005;
					};
					10180E082C6397880042C005 = {
						CreatedOnToolsVersion = 15.0;
						TestTargetID = 10180DE82C6397870042C005;
					};
				};
			};
			buildConfigurationList = 10180DE42C6397870042C005 /* Build configuration list for PBXProject "SwiftGenTutorial" */;
			compatibilityVersion = "Xcode 14.0";
			developmentRegion = en;
			hasScannedForEncodings = 0;
			knownRegions = (
				en,
				fr,
				Base,
			);
			mainGroup = 10180DE02C6397870042C005;
			productRefGroup = 10180DEA2C6397870042C005 /* Products */;
			projectDirPath = "";
			projectRoot = "";
			targets = (
				10180DE82C6397870042C005 /* SwiftGenTutorial */,
				10180DFE2C6397880042C005 /* SwiftGenTutorialTests */,
				10180E082C6397880042C005 /* SwiftGenTutorialUITests */,
			);
		};
/* End PBXProject section */

/* Begin PBXResourcesBuildPhase section */
		10180DE72C6397870042C005 /* Resources */ = {
			isa = PBXResourcesBuildPhase;
			buildActionMask = 2147483647;
			files = (
				10180DF92C6397880042C005 /* LaunchScreen.storyboard in Resources */,
				10EDE9602C64BC0D004F6751 /* Localizable.strings in Resources */,
				10180E202C6398250042C005 /* swiftgen.config.yml in Resources */,
				10180E1D2C6397DE0042C005 /* Colors.xcassets in Resources */,
				10180DF62C6397880042C005 /* Assets.xcassets in Resources */,
				10180DF42C6397870042C005 /* Main.storyboard in Resources */,
				10EDE96E2C64D2A0004F6751 /* userLogin.storyboard in Resources */,
				10EDE9752C64D3F3004F6751 /* UserCamand.storyboard in Resources */,
			);
			runOnlyForDeploymentPostprocessing = 0;
		};
		10180DFD2C6397880042C005 /* Resources */ = {
			isa = PBXResourcesBuildPhase;
			buildActionMask = 2147483647;
			files = (
			);
			runOnlyForDeploymentPostprocessing = 0;
		};
		10180E072C6397880042C005 /* Resources */ = {
			isa = PBXResourcesBuildPhase;
			buildActionMask = 2147483647;
			files = (
			);
			runOnlyForDeploymentPostprocessing = 0;
		};
/* End PBXResourcesBuildPhase section */

/* Begin PBXShellScriptBuildPhase section */
		10180E252C6398A40042C005 /* Swift Gen */ = {
			isa = PBXShellScriptBuildPhase;
			buildActionMask = 12;
			files = (
			);
			inputFileListPaths = (
			);
			inputPaths = (
			);
			name = "Swift Gen";
			outputFileListPaths = (
			);
			outputPaths = (
			);
			runOnlyForDeploymentPostprocessing = 0;
			shellPath = /bin/sh;
			shellScript = "# Type a script or drag a script file from your workspace to insert its path.\nexport PATH=\"$PATH:/opt/homebrew/bin\"\nif which swiftgen >& /dev/null; then\n  swiftgen config run --config SwiftGenTutorial/SwiftGen/swiftgen.config.yml\nelse\n  echo \"error: SwiftGen not installed, download from https://github.com/SwiftGen/SwiftGen\"\nfi\n";
		};
/* End PBXShellScriptBuildPhase section */

/* Begin PBXSourcesBuildPhase section */
		10180DE52C6397870042C005 /* Sources */ = {
			isa = PBXSourcesBuildPhase;
			buildActionMask = 2147483647;
			files = (
				10180DF12C6397870042C005 /* ViewController.swift in Sources */,
				10EDE9722C64D39A004F6751 /* Storyboard Scenes.swift in Sources */,
				10180E222C6398570042C005 /* template.stencil in Sources */,
				10180DED2C6397870042C005 /* AppDelegate.swift in Sources */,
				10180DEF2C6397870042C005 /* SceneDelegate.swift in Sources */,
				10EDE95D2C64BAA1004F6751 /* Strings.swift in Sources */,
				10180E242C63988C0042C005 /* Assets.generated.swift in Sources */,
			);
			runOnlyForDeploymentPostprocessing = 0;
		};
		10180DFB2C6397880042C005 /* Sources */ = {
			isa = PBXSourcesBuildPhase;
			buildActionMask = 2147483647;
			files = (
				10180E042C6397880042C005 /* SwiftGenTutorialTests.swift in Sources */,
			);
			runOnlyForDeploymentPostprocessing = 0;
		};
		10180E052C6397880042C005 /* Sources */ = {
			isa = PBXSourcesBuildPhase;
			buildActionMask = 2147483647;
			files = (
				10180E0E2C6397880042C005 /* SwiftGenTutorialUITests.swift in Sources */,
				10180E102C6397880042C005 /* SwiftGenTutorialUITestsLaunchTests.swift in Sources */,
			);
			runOnlyForDeploymentPostprocessing = 0;
		};
/* End PBXSourcesBuildPhase section */

/* Begin PBXTargetDependency section */
		10180E012C6397880042C005 /* PBXTargetDependency */ = {
			isa = PBXTargetDependency;
			target = 10180DE82C6397870042C005 /* SwiftGenTutorial */;
			targetProxy = 10180E002C6397880042C005 /* PBXContainerItemProxy */;
		};
		10180E0B2C6397880042C005 /* PBXTargetDependency */ = {
			isa = PBXTargetDependency;
			target = 10180DE82C6397870042C005 /* SwiftGenTutorial */;
			targetProxy = 10180E0A2C6397880042C005 /* PBXContainerItemProxy */;
		};
/* End PBXTargetDependency section */

/* Begin PBXVariantGroup section */
		10180DF22C6397870042C005 /* Main.storyboard */ = {
			isa = PBXVariantGroup;
			children = (
				10EDE9632C64BCEE004F6751 /* fr */,
				10EDE9662C64BD50004F6751 /* fr */,
				10EDE9682C64BFE6004F6751 /* en */,
			);
			name = Main.storyboard;
			sourceTree = "<group>";
		};
		10180DF72C6397880042C005 /* LaunchScreen.storyboard */ = {
			isa = PBXVariantGroup;
			children = (
				10EDE9642C64BCEE004F6751 /* fr */,
				10EDE9672C64BD51004F6751 /* fr */,
			);
			name = LaunchScreen.storyboard;
			sourceTree = "<group>";
		};
		10EDE9622C64BC0D004F6751 /* Localizable.strings */ = {
			isa = PBXVariantGroup;
			children = (
				10EDE9612C64BC0D004F6751 /* en */,
				10EDE9652C64BCEF004F6751 /* fr */,
			);
			name = Localizable.strings;
			sourceTree = "<group>";
		};
/* End PBXVariantGroup section */

/* Begin XCBuildConfiguration section */
		10180E112C6397880042C005 /* Debug */ = {
			isa = XCBuildConfiguration;
			buildSettings = {
				ALWAYS_SEARCH_USER_PATHS = NO;
				ASSETCATALOG_COMPILER_GENERATE_SWIFT_ASSET_SYMBOL_EXTENSIONS = YES;
				CLANG_ANALYZER_LOCALIZABILITY_NONLOCALIZED = YES;
				CLANG_ANALYZER_NONNULL = YES;
				CLANG_ANALYZER_NUMBER_OBJECT_CONVERSION = YES_AGGRESSIVE;
				CLANG_CXX_LANGUAGE_STANDARD = "gnu++20";
				CLANG_ENABLE_MODULES = YES;
				CLANG_ENABLE_OBJC_ARC = YES;
				CLANG_ENABLE_OBJC_WEAK = YES;
				CLANG_WARN_BLOCK_CAPTURE_AUTORELEASING = YES;
				CLANG_WARN_BOOL_CONVERSION = YES;
				CLANG_WARN_COMMA = YES;
				CLANG_WARN_CONSTANT_CONVERSION = YES;
				CLANG_WARN_DEPRECATED_OBJC_IMPLEMENTATIONS = YES;
				CLANG_WARN_DIRECT_OBJC_ISA_USAGE = YES_ERROR;
				CLANG_WARN_DOCUMENTATION_COMMENTS = YES;
				CLANG_WARN_EMPTY_BODY = YES;
				CLANG_WARN_ENUM_CONVERSION = YES;
				CLANG_WARN_INFINITE_RECURSION = YES;
				CLANG_WARN_INT_CONVERSION = YES;
				CLANG_WARN_NON_LITERAL_NULL_CONVERSION = YES;
				CLANG_WARN_OBJC_IMPLICIT_RETAIN_SELF = YES;
				CLANG_WARN_OBJC_LITERAL_CONVERSION = YES;
				CLANG_WARN_OBJC_ROOT_CLASS = YES_ERROR;
				CLANG_WARN_QUOTED_INCLUDE_IN_FRAMEWORK_HEADER = YES;
				CLANG_WARN_RANGE_LOOP_ANALYSIS = YES;
				CLANG_WARN_STRICT_PROTOTYPES = YES;
				CLANG_WARN_SUSPICIOUS_MOVE = YES;
				CLANG_WARN_UNGUARDED_AVAILABILITY = YES_AGGRESSIVE;
				CLANG_WARN_UNREACHABLE_CODE = YES;
				CLANG_WARN__DUPLICATE_METHOD_MATCH = YES;
				COPY_PHASE_STRIP = NO;
				DEBUG_INFORMATION_FORMAT = dwarf;
				ENABLE_STRICT_OBJC_MSGSEND = YES;
				ENABLE_TESTABILITY = YES;
				ENABLE_USER_SCRIPT_SANDBOXING = NO;
				GCC_C_LANGUAGE_STANDARD = gnu17;
				GCC_DYNAMIC_NO_PIC = NO;
				GCC_NO_COMMON_BLOCKS = YES;
				GCC_OPTIMIZATION_LEVEL = 0;
				GCC_PREPROCESSOR_DEFINITIONS = (
					"DEBUG=1",
					"$(inherited)",
				);
				GCC_WARN_64_TO_32_BIT_CONVERSION = YES;
				GCC_WARN_ABOUT_RETURN_TYPE = YES_ERROR;
				GCC_WARN_UNDECLARED_SELECTOR = YES;
				GCC_WARN_UNINITIALIZED_AUTOS = YES_AGGRESSIVE;
				GCC_WARN_UNUSED_FUNCTION = YES;
				GCC_WARN_UNUSED_VARIABLE = YES;
				IPHONEOS_DEPLOYMENT_TARGET = 17.0;
				LOCALIZATION_PREFERS_STRING_CATALOGS = YES;
				MTL_ENABLE_DEBUG_INFO = INCLUDE_SOURCE;
				MTL_FAST_MATH = YES;
				ONLY_ACTIVE_ARCH = YES;
				SDKROOT = iphoneos;
				SWIFT_ACTIVE_COMPILATION_CONDITIONS = "DEBUG $(inherited)";
				SWIFT_OPTIMIZATION_LEVEL = "-Onone";
			};
			name = Debug;
		};
		10180E122C6397880042C005 /* Release */ = {
			isa = XCBuildConfiguration;
			buildSettings = {
				ALWAYS_SEARCH_USER_PATHS = NO;
				ASSETCATALOG_COMPILER_GENERATE_SWIFT_ASSET_SYMBOL_EXTENSIONS = YES;
				CLANG_ANALYZER_LOCALIZABILITY_NONLOCALIZED = YES;
				CLANG_ANALYZER_NONNULL = YES;
				CLANG_ANALYZER_NUMBER_OBJECT_CONVERSION = YES_AGGRESSIVE;
				CLANG_CXX_LANGUAGE_STANDARD = "gnu++20";
				CLANG_ENABLE_MODULES = YES;
				CLANG_ENABLE_OBJC_ARC = YES;
				CLANG_ENABLE_OBJC_WEAK = YES;
				CLANG_WARN_BLOCK_CAPTURE_AUTORELEASING = YES;
				CLANG_WARN_BOOL_CONVERSION = YES;
				CLANG_WARN_COMMA = YES;
				CLANG_WARN_CONSTANT_CONVERSION = YES;
				CLANG_WARN_DEPRECATED_OBJC_IMPLEMENTATIONS = YES;
				CLANG_WARN_DIRECT_OBJC_ISA_USAGE = YES_ERROR;
				CLANG_WARN_DOCUMENTATION_COMMENTS = YES;
				CLANG_WARN_EMPTY_BODY = YES;
				CLANG_WARN_ENUM_CONVERSION = YES;
				CLANG_WARN_INFINITE_RECURSION = YES;
				CLANG_WARN_INT_CONVERSION = YES;
				CLANG_WARN_NON_LITERAL_NULL_CONVERSION = YES;
				CLANG_WARN_OBJC_IMPLICIT_RETAIN_SELF = YES;
				CLANG_WARN_OBJC_LITERAL_CONVERSION = YES;
				CLANG_WARN_OBJC_ROOT_CLASS = YES_ERROR;
				CLANG_WARN_QUOTED_INCLUDE_IN_FRAMEWORK_HEADER = YES;
				CLANG_WARN_RANGE_LOOP_ANALYSIS = YES;
				CLANG_WARN_STRICT_PROTOTYPES = YES;
				CLANG_WARN_SUSPICIOUS_MOVE = YES;
				CLANG_WARN_UNGUARDED_AVAILABILITY = YES_AGGRESSIVE;
				CLANG_WARN_UNREACHABLE_CODE = YES;
				CLANG_WARN__DUPLICATE_METHOD_MATCH = YES;
				COPY_PHASE_STRIP = NO;
				DEBUG_INFORMATION_FORMAT = "dwarf-with-dsym";
				ENABLE_NS_ASSERTIONS = NO;
				ENABLE_STRICT_OBJC_MSGSEND = YES;
				ENABLE_USER_SCRIPT_SANDBOXING = NO;
				GCC_C_LANGUAGE_STANDARD = gnu17;
				GCC_NO_COMMON_BLOCKS = YES;
				GCC_WARN_64_TO_32_BIT_CONVERSION = YES;
				GCC_WARN_ABOUT_RETURN_TYPE = YES_ERROR;
				GCC_WARN_UNDECLARED_SELECTOR = YES;
				GCC_WARN_UNINITIALIZED_AUTOS = YES_AGGRESSIVE;
				GCC_WARN_UNUSED_FUNCTION = YES;
				GCC_WARN_UNUSED_VARIABLE = YES;
				IPHONEOS_DEPLOYMENT_TARGET = 17.0;
				LOCALIZATION_PREFERS_STRING_CATALOGS = YES;
				MTL_ENABLE_DEBUG_INFO = NO;
				MTL_FAST_MATH = YES;
				SDKROOT = iphoneos;
				SWIFT_COMPILATION_MODE = wholemodule;
				VALIDATE_PRODUCT = YES;
			};
			name = Release;
		};
		10180E142C6397880042C005 /* Debug */ = {
			isa = XCBuildConfiguration;
			buildSettings = {
				ASSETCATALOG_COMPILER_APPICON_NAME = AppIcon;
				ASSETCATALOG_COMPILER_GENERATE_ASSET_SYMBOLS = NO;
				ASSETCATALOG_COMPILER_GLOBAL_ACCENT_COLOR_NAME = AccentColor;
				CODE_SIGN_STYLE = Automatic;
				CURRENT_PROJECT_VERSION = 1;
				ENABLE_USER_SCRIPT_SANDBOXING = NO;
				GENERATE_INFOPLIST_FILE = YES;
				INFOPLIST_FILE = SwiftGenTutorial/Info.plist;
				INFOPLIST_KEY_UIApplicationSupportsIndirectInputEvents = YES;
				INFOPLIST_KEY_UILaunchStoryboardName = LaunchScreen;
				INFOPLIST_KEY_UIMainStoryboardFile = Main;
				INFOPLIST_KEY_UISupportedInterfaceOrientations_iPad = "UIInterfaceOrientationPortrait UIInterfaceOrientationPortraitUpsideDown UIInterfaceOrientationLandscapeLeft UIInterfaceOrientationLandscapeRight";
				INFOPLIST_KEY_UISupportedInterfaceOrientations_iPhone = "UIInterfaceOrientationPortrait UIInterfaceOrientationLandscapeLeft UIInterfaceOrientationLandscapeRight";
				LD_RUNPATH_SEARCH_PATHS = (
					"$(inherited)",
					"@executable_path/Frameworks",
				);
				MARKETING_VERSION = 1.0;
				PRODUCT_BUNDLE_IDENTIFIER = testXcode.SwiftGenTutorial;
				PRODUCT_NAME = "$(TARGET_NAME)";
				SWIFT_EMIT_LOC_STRINGS = YES;
				SWIFT_VERSION = 5.0;
				TARGETED_DEVICE_FAMILY = "1,2";
			};
			name = Debug;
		};
		10180E152C6397880042C005 /* Release */ = {
			isa = XCBuildConfiguration;
			buildSettings = {
				ASSETCATALOG_COMPILER_APPICON_NAME = AppIcon;
				ASSETCATALOG_COMPILER_GENERATE_ASSET_SYMBOLS = NO;
				ASSETCATALOG_COMPILER_GLOBAL_ACCENT_COLOR_NAME = AccentColor;
				CODE_SIGN_STYLE = Automatic;
				CURRENT_PROJECT_VERSION = 1;
				ENABLE_USER_SCRIPT_SANDBOXING = NO;
				GENERATE_INFOPLIST_FILE = YES;
				INFOPLIST_FILE = SwiftGenTutorial/Info.plist;
				INFOPLIST_KEY_UIApplicationSupportsIndirectInputEvents = YES;
				INFOPLIST_KEY_UILaunchStoryboardName = LaunchScreen;
				INFOPLIST_KEY_UIMainStoryboardFile = Main;
				INFOPLIST_KEY_UISupportedInterfaceOrientations_iPad = "UIInterfaceOrientationPortrait UIInterfaceOrientationPortraitUpsideDown UIInterfaceOrientationLandscapeLeft UIInterfaceOrientationLandscapeRight";
				INFOPLIST_KEY_UISupportedInterfaceOrientations_iPhone = "UIInterfaceOrientationPortrait UIInterfaceOrientationLandscapeLeft UIInterfaceOrientationLandscapeRight";
				LD_RUNPATH_SEARCH_PATHS = (
					"$(inherited)",
					"@executable_path/Frameworks",
				);
				MARKETING_VERSION = 1.0;
				PRODUCT_BUNDLE_IDENTIFIER = testXcode.SwiftGenTutorial;
				PRODUCT_NAME = "$(TARGET_NAME)";
				SWIFT_EMIT_LOC_STRINGS = YES;
				SWIFT_VERSION = 5.0;
				TARGETED_DEVICE_FAMILY = "1,2";
			};
			name = Release;
		};
		10180E172C6397880042C005 /* Debug */ = {
			isa = XCBuildConfiguration;
			buildSettings = {
				ALWAYS_EMBED_SWIFT_STANDARD_LIBRARIES = YES;
				BUNDLE_LOADER = "$(TEST_HOST)";
				CODE_SIGN_STYLE = Automatic;
				CURRENT_PROJECT_VERSION = 1;
				GENERATE_INFOPLIST_FILE = YES;
				IPHONEOS_DEPLOYMENT_TARGET = 17.0;
				MARKETING_VERSION = 1.0;
				PRODUCT_BUNDLE_IDENTIFIER = testXcode.SwiftGenTutorialTests;
				PRODUCT_NAME = "$(TARGET_NAME)";
				SWIFT_EMIT_LOC_STRINGS = NO;
				SWIFT_VERSION = 5.0;
				TARGETED_DEVICE_FAMILY = "1,2";
				TEST_HOST = "$(BUILT_PRODUCTS_DIR)/SwiftGenTutorial.app/$(BUNDLE_EXECUTABLE_FOLDER_PATH)/SwiftGenTutorial";
			};
			name = Debug;
		};
		10180E182C6397880042C005 /* Release */ = {
			isa = XCBuildConfiguration;
			buildSettings = {
				ALWAYS_EMBED_SWIFT_STANDARD_LIBRARIES = YES;
				BUNDLE_LOADER = "$(TEST_HOST)";
				CODE_SIGN_STYLE = Automatic;
				CURRENT_PROJECT_VERSION = 1;
				GENERATE_INFOPLIST_FILE = YES;
				IPHONEOS_DEPLOYMENT_TARGET = 17.0;
				MARKETING_VERSION = 1.0;
				PRODUCT_BUNDLE_IDENTIFIER = testXcode.SwiftGenTutorialTests;
				PRODUCT_NAME = "$(TARGET_NAME)";
				SWIFT_EMIT_LOC_STRINGS = NO;
				SWIFT_VERSION = 5.0;
				TARGETED_DEVICE_FAMILY = "1,2";
				TEST_HOST = "$(BUILT_PRODUCTS_DIR)/SwiftGenTutorial.app/$(BUNDLE_EXECUTABLE_FOLDER_PATH)/SwiftGenTutorial";
			};
			name = Release;
		};
		10180E1A2C6397880042C005 /* Debug */ = {
			isa = XCBuildConfiguration;
			buildSettings = {
				ALWAYS_EMBED_SWIFT_STANDARD_LIBRARIES = YES;
				CODE_SIGN_STYLE = Automatic;
				CURRENT_PROJECT_VERSION = 1;
				GENERATE_INFOPLIST_FILE = YES;
				MARKETING_VERSION = 1.0;
				PRODUCT_BUNDLE_IDENTIFIER = testXcode.SwiftGenTutorialUITests;
				PRODUCT_NAME = "$(TARGET_NAME)";
				SWIFT_EMIT_LOC_STRINGS = NO;
				SWIFT_VERSION = 5.0;
				TARGETED_DEVICE_FAMILY = "1,2";
				TEST_TARGET_NAME = SwiftGenTutorial;
			};
			name = Debug;
		};
		10180E1B2C6397880042C005 /* Release */ = {
			isa = XCBuildConfiguration;
			buildSettings = {
				ALWAYS_EMBED_SWIFT_STANDARD_LIBRARIES = YES;
				CODE_SIGN_STYLE = Automatic;
				CURRENT_PROJECT_VERSION = 1;
				GENERATE_INFOPLIST_FILE = YES;
				MARKETING_VERSION = 1.0;
				PRODUCT_BUNDLE_IDENTIFIER = testXcode.SwiftGenTutorialUITests;
				PRODUCT_NAME = "$(TARGET_NAME)";
				SWIFT_EMIT_LOC_STRINGS = NO;
				SWIFT_VERSION = 5.0;
				TARGETED_DEVICE_FAMILY = "1,2";
				TEST_TARGET_NAME = SwiftGenTutorial;
			};
			name = Release;
		};
/* End XCBuildConfiguration section */

/* Begin XCConfigurationList section */
		10180DE42C6397870042C005 /* Build configuration list for PBXProject "SwiftGenTutorial" */ = {
			isa = XCConfigurationList;
			buildConfigurations = (
				10180E112C6397880042C005 /* Debug */,
				10180E122C6397880042C005 /* Release */,
			);
			defaultConfigurationIsVisible = 0;
			defaultConfigurationName = Release;
		};
		10180E132C6397880042C005 /* Build configuration list for PBXNativeTarget "SwiftGenTutorial" */ = {
			isa = XCConfigurationList;
			buildConfigurations = (
				10180E142C6397880042C005 /* Debug */,
				10180E152C6397880042C005 /* Release */,
			);
			defaultConfigurationIsVisible = 0;
			defaultConfigurationName = Release;
		};
		10180E162C6397880042C005 /* Build configuration list for PBXNativeTarget "SwiftGenTutorialTests" */ = {
			isa = XCConfigurationList;
			buildConfigurations = (
				10180E172C6397880042C005 /* Debug */,
				10180E182C6397880042C005 /* Release */,
			);
			defaultConfigurationIsVisible = 0;
			defaultConfigurationName = Release;
		};
		10180E192C6397880042C005 /* Build configuration list for PBXNativeTarget "SwiftGenTutorialUITests" */ = {
			isa = XCConfigurationList;
			buildConfigurations = (
				10180E1A2C6397880042C005 /* Debug */,
				10180E1B2C6397880042C005 /* Release */,
			);
			defaultConfigurationIsVisible = 0;
			defaultConfigurationName = Release;
		};
/* End XCConfigurationList section */
	};
	rootObject = 10180DE12C6397870042C005 /* Project object */;
}
